// !$*UTF8*$!
{
	archiveVersion = 1;
	classes = {
	};
	objectVersion = 50;
	objects = {

/* Begin PBXBuildFile section */
		4B510E30225E900E00DC3C54 /* Student.swift in Sources */ = {isa = PBXBuildFile; fileRef = 4B510E2F225E900E00DC3C54 /* Student.swift */; };
		4B510E32225F0ED800DC3C54 /* CellTableViewCell.swift in Sources */ = {isa = PBXBuildFile; fileRef = 4B510E31225F0ED800DC3C54 /* CellTableViewCell.swift */; };
		4B510E34225F187C00DC3C54 /* ViewController.swift in Sources */ = {isa = PBXBuildFile; fileRef = 4B510E33225F187C00DC3C54 /* ViewController.swift */; };
		4B510E36225F351100DC3C54 /* DetailViewController.swift in Sources */ = {isa = PBXBuildFile; fileRef = 4B510E35225F351100DC3C54 /* DetailViewController.swift */; };
		4B510E3822606D0D00DC3C54 /* Teacher.swift in Sources */ = {isa = PBXBuildFile; fileRef = 4B510E3722606D0D00DC3C54 /* Teacher.swift */; };
		4B510E3A2260C87200DC3C54 /* extentions.swift in Sources */ = {isa = PBXBuildFile; fileRef = 4B510E392260C87200DC3C54 /* extentions.swift */; };
		4B510E3C2260CF2A00DC3C54 /* DataManager.swift in Sources */ = {isa = PBXBuildFile; fileRef = 4B510E3B2260CF2A00DC3C54 /* DataManager.swift */; };
		4B670928225CA65C00F1EA02 /* AppDelegate.swift in Sources */ = {isa = PBXBuildFile; fileRef = 4B670927225CA65C00F1EA02 /* AppDelegate.swift */; };
		4B67092D225CA65C00F1EA02 /* Main.storyboard in Resources */ = {isa = PBXBuildFile; fileRef = 4B67092B225CA65C00F1EA02 /* Main.storyboard */; };
		4B67092F225CA65E00F1EA02 /* Assets.xcassets in Resources */ = {isa = PBXBuildFile; fileRef = 4B67092E225CA65E00F1EA02 /* Assets.xcassets */; };
		4B670932225CA65E00F1EA02 /* LaunchScreen.storyboard in Resources */ = {isa = PBXBuildFile; fileRef = 4B670930225CA65E00F1EA02 /* LaunchScreen.storyboard */; };
/* End PBXBuildFile section */

/* Begin PBXFileReference section */
		4B510E2F225E900E00DC3C54 /* Student.swift */ = {isa = PBXFileReference; lastKnownFileType = sourcecode.swift; path = Student.swift; sourceTree = "<group>"; };
		4B510E31225F0ED800DC3C54 /* CellTableViewCell.swift */ = {isa = PBXFileReference; lastKnownFileType = sourcecode.swift; path = CellTableViewCell.swift; sourceTree = "<group>"; };
		4B510E33225F187C00DC3C54 /* ViewController.swift */ = {isa = PBXFileReference; lastKnownFileType = sourcecode.swift; path = ViewController.swift; sourceTree = "<group>"; };
		4B510E35225F351100DC3C54 /* DetailViewController.swift */ = {isa = PBXFileReference; lastKnownFileType = sourcecode.swift; path = DetailViewController.swift; sourceTree = "<group>"; };
		4B510E3722606D0D00DC3C54 /* Teacher.swift */ = {isa = PBXFileReference; lastKnownFileType = sourcecode.swift; path = Teacher.swift; sourceTree = "<group>"; };
		4B510E392260C87200DC3C54 /* extentions.swift */ = {isa = PBXFileReference; lastKnownFileType = sourcecode.swift; path = extentions.swift; sourceTree = "<group>"; };
		4B510E3B2260CF2A00DC3C54 /* DataManager.swift */ = {isa = PBXFileReference; lastKnownFileType = sourcecode.swift; path = DataManager.swift; sourceTree = "<group>"; };
		4B670924225CA65B00F1EA02 /* TableView.app */ = {isa = PBXFileReference; explicitFileType = wrapper.application; includeInIndex = 0; path = TableView.app; sourceTree = BUILT_PRODUCTS_DIR; };
		4B670927225CA65C00F1EA02 /* AppDelegate.swift */ = {isa = PBXFileReference; lastKnownFileType = sourcecode.swift; path = AppDelegate.swift; sourceTree = "<group>"; };
		4B67092C225CA65C00F1EA02 /* Base */ = {isa = PBXFileReference; lastKnownFileType = file.storyboard; name = Base; path = Base.lproj/Main.storyboard; sourceTree = "<group>"; };
		4B67092E225CA65E00F1EA02 /* Assets.xcassets */ = {isa = PBXFileReference; lastKnownFileType = folder.assetcatalog; path = Assets.xcassets; sourceTree = "<group>"; };
		4B670931225CA65E00F1EA02 /* Base */ = {isa = PBXFileReference; lastKnownFileType = file.storyboard; name = Base; path = Base.lproj/LaunchScreen.storyboard; sourceTree = "<group>"; };
		4B670933225CA65E00F1EA02 /* Info.plist */ = {isa = PBXFileReference; lastKnownFileType = text.plist.xml; path = Info.plist; sourceTree = "<group>"; };
/* End PBXFileReference section */

/* Begin PBXFrameworksBuildPhase section */
		4B670921225CA65B00F1EA02 /* Frameworks */ = {
			isa = PBXFrameworksBuildPhase;
			buildActionMask = 2147483647;
			files = (
			);
			runOnlyForDeploymentPostprocessing = 0;
		};
/* End PBXFrameworksBuildPhase section */

/* Begin PBXGroup section */
		4B67091B225CA65B00F1EA02 = {
			isa = PBXGroup;
			children = (
				4B670926225CA65B00F1EA02 /* TableView */,
				4B670925225CA65B00F1EA02 /* Products */,
			);
			sourceTree = "<group>";
		};
		4B670925225CA65B00F1EA02 /* Products */ = {
			isa = PBXGroup;
			children = (
				4B670924225CA65B00F1EA02 /* TableView.app */,
			);
			name = Products;
			sourceTree = "<group>";
		};
		4B670926225CA65B00F1EA02 /* TableView */ = {
			isa = PBXGroup;
			children = (
				4B670927225CA65C00F1EA02 /* AppDelegate.swift */,
				4B67092B225CA65C00F1EA02 /* Main.storyboard */,
				4B510E35225F351100DC3C54 /* DetailViewController.swift */,
				4B510E33225F187C00DC3C54 /* ViewController.swift */,
				4B510E31225F0ED800DC3C54 /* CellTableViewCell.swift */,
				4B67092E225CA65E00F1EA02 /* Assets.xcassets */,
				4B670930225CA65E00F1EA02 /* LaunchScreen.storyboard */,
				4B670933225CA65E00F1EA02 /* Info.plist */,
				4BD7DF0222634EB200BE76D2 /* Class */,
				4BD7DF0322634EE500BE76D2 /* Singltone */,
				4B510E392260C87200DC3C54 /* extentions.swift */,
			);
			path = TableView;
			sourceTree = "<group>";
		};
		4BD7DF0222634EB200BE76D2 /* Class */ = {
			isa = PBXGroup;
			children = (
				4B510E2F225E900E00DC3C54 /* Student.swift */,
				4B510E3722606D0D00DC3C54 /* Teacher.swift */,
			);
			path = Class;
			sourceTree = "<group>";
		};
		4BD7DF0322634EE500BE76D2 /* Singltone */ = {
			isa = PBXGroup;
			children = (
				4B510E3B2260CF2A00DC3C54 /* DataManager.swift */,
			);
			path = Singltone;
			sourceTree = "<group>";
		};
/* End PBXGroup section */

/* Begin PBXNativeTarget section */
		4B670923225CA65B00F1EA02 /* TableView */ = {
			isa = PBXNativeTarget;
			buildConfigurationList = 4B670936225CA65E00F1EA02 /* Build configuration list for PBXNativeTarget "TableView" */;
			buildPhases = (
				4B670920225CA65B00F1EA02 /* Sources */,
				4B670921225CA65B00F1EA02 /* Frameworks */,
				4B670922225CA65B00F1EA02 /* Resources */,
			);
			buildRules = (
			);
			dependencies = (
			);
			name = TableView;
			productName = TableView;
			productReference = 4B670924225CA65B00F1EA02 /* TableView.app */;
			productType = "com.apple.product-type.application";
		};
/* End PBXNativeTarget section */

/* Begin PBXProject section */
		4B67091C225CA65B00F1EA02 /* Project object */ = {
			isa = PBXProject;
			attributes = {
				LastSwiftUpdateCheck = 1010;
				LastUpgradeCheck = 1010;
				ORGANIZATIONNAME = Quadref;
				TargetAttributes = {
					4B670923225CA65B00F1EA02 = {
						CreatedOnToolsVersion = 10.1;
					};
				};
			};
			buildConfigurationList = 4B67091F225CA65B00F1EA02 /* Build configuration list for PBXProject "TableView" */;
			compatibilityVersion = "Xcode 9.3";
			developmentRegion = en;
			hasScannedForEncodings = 0;
			knownRegions = (
				en,
				Base,
			);
			mainGroup = 4B67091B225CA65B00F1EA02;
			productRefGroup = 4B670925225CA65B00F1EA02 /* Products */;
			projectDirPath = "";
			projectRoot = "";
			targets = (
				4B670923225CA65B00F1EA02 /* TableView */,
			);
		};
/* End PBXProject section */

/* Begin PBXResourcesBuildPhase section */
		4B670922225CA65B00F1EA02 /* Resources */ = {
			isa = PBXResourcesBuildPhase;
			buildActionMask = 2147483647;
			files = (
				4B670932225CA65E00F1EA02 /* LaunchScreen.storyboard in Resources */,
				4B67092F225CA65E00F1EA02 /* Assets.xcassets in Resources */,
				4B67092D225CA65C00F1EA02 /* Main.storyboard in Resources */,
			);
			runOnlyForDeploymentPostprocessing = 0;
		};
/* End PBXResourcesBuildPhase section */

/* Begin PBXSourcesBuildPhase section */
		4B670920225CA65B00F1EA02 /* Sources */ = {
			isa = PBXSourcesBuildPhase;
			buildActionMask = 2147483647;
			files = (
				4B510E3822606D0D00DC3C54 /* Teacher.swift in Sources */,
				4B510E3C2260CF2A00DC3C54 /* DataManager.swift in Sources */,
				4B510E32225F0ED800DC3C54 /* CellTableViewCell.swift in Sources */,
				4B670928225CA65C00F1EA02 /* AppDelegate.swift in Sources */,
				4B510E3A2260C87200DC3C54 /* extentions.swift in Sources */,
				4B510E36225F351100DC3C54 /* DetailViewController.swift in Sources */,
				4B510E34225F187C00DC3C54 /* ViewController.swift in Sources */,
				4B510E30225E900E00DC3C54 /* Student.swift in Sources */,
			);
			runOnlyForDeploymentPostprocessing = 0;
		};
/* End PBXSourcesBuildPhase section */

/* Begin PBXVariantGroup section */
		4B67092B225CA65C00F1EA02 /* Main.storyboard */ = {
			isa = PBXVariantGroup;
			children = (
				4B67092C225CA65C00F1EA02 /* Base */,
			);
			name = Main.storyboard;
			sourceTree = "<group>";
		};
		4B670930225CA65E00F1EA02 /* LaunchScreen.storyboard */ = {
			isa = PBXVariantGroup;
			children = (
				4B670931225CA65E00F1EA02 /* Base */,
			);
			name = LaunchScreen.storyboard;
			sourceTree = "<group>";
		};
/* End PBXVariantGroup section */

/* Begin XCBuildConfiguration section */
		4B670934225CA65E00F1EA02 /* Debug */ = {
			isa = XCBuildConfiguration;
			buildSettings = {
				ALWAYS_SEARCH_USER_PATHS = NO;
				CLANG_ANALYZER_NONNULL = YES;
				CLANG_ANALYZER_NUMBER_OBJECT_CONVERSION = YES_AGGRESSIVE;
				CLANG_CXX_LANGUAGE_STANDARD = "gnu++14";
				CLANG_CXX_LIBRARY = "libc++";
				CLANG_ENABLE_MODULES = YES;
				CLANG_ENABLE_OBJC_ARC = YES;
				CLANG_ENABLE_OBJC_WEAK = YES;
				CLANG_WARN_BLOCK_CAPTURE_AUTORELEASING = YES;
				CLANG_WARN_BOOL_CONVERSION = YES;
				CLANG_WARN_COMMA = YES;
				CLANG_WARN_CONSTANT_CONVERSION = YES;
				CLANG_WARN_DEPRECATED_OBJC_IMPLEMENTATIONS = YES;
				CLANG_WARN_DIRECT_OBJC_ISA_USAGE = YES_ERROR;
				CLANG_WARN_DOCUMENTATION_COMMENTS = YES;
				CLANG_WARN_EMPTY_BODY = YES;
				CLANG_WARN_ENUM_CONVERSION = YES;
				CLANG_WARN_INFINITE_RECURSION = YES;
				CLANG_WARN_INT_CONVERSION = YES;
				CLANG_WARN_NON_LITERAL_NULL_CONVERSION = YES;
				CLANG_WARN_OBJC_IMPLICIT_RETAIN_SELF = YES;
				CLANG_WARN_OBJC_LITERAL_CONVERSION = YES;
				CLANG_WARN_OBJC_ROOT_CLASS = YES_ERROR;
				CLANG_WARN_RANGE_LOOP_ANALYSIS = YES;
				CLANG_WARN_STRICT_PROTOTYPES = YES;
				CLANG_WARN_SUSPICIOUS_MOVE = YES;
				CLANG_WARN_UNGUARDED_AVAILABILITY = YES_AGGRESSIVE;
				CLANG_WARN_UNREACHABLE_CODE = YES;
				CLANG_WARN__DUPLICATE_METHOD_MATCH = YES;
				CODE_SIGN_IDENTITY = "iPhone Developer";
				COPY_PHASE_STRIP = NO;
				DEBUG_INFORMATION_FORMAT = dwarf;
				ENABLE_STRICT_OBJC_MSGSEND = YES;
				ENABLE_TESTABILITY = YES;
				GCC_C_LANGUAGE_STANDARD = gnu11;
				GCC_DYNAMIC_NO_PIC = NO;
				GCC_NO_COMMON_BLOCKS = YES;
				GCC_OPTIMIZATION_LEVEL = 0;
				GCC_PREPROCESSOR_DEFINITIONS = (
					"DEBUG=1",
					"$(inherited)",
				);
				GCC_WARN_64_TO_32_BIT_CONVERSION = YES;
				GCC_WARN_ABOUT_RETURN_TYPE = YES_ERROR;
				GCC_WARN_UNDECLARED_SELECTOR = YES;
				GCC_WARN_UNINITIALIZED_AUTOS = YES_AGGRESSIVE;
				GCC_WARN_UNUSED_FUNCTION = YES;
				GCC_WARN_UNUSED_VARIABLE = YES;
				IPHONEOS_DEPLOYMENT_TARGET = 12.1;
				MTL_ENABLE_DEBUG_INFO = INCLUDE_SOURCE;
				MTL_FAST_MATH = YES;
				ONLY_ACTIVE_ARCH = YES;
				SDKROOT = iphoneos;
				SWIFT_ACTIVE_COMPILATION_CONDITIONS = DEBUG;
				SWIFT_OPTIMIZATION_LEVEL = "-Onone";
			};
			name = Debug;
		};
		4B670935225CA65E00F1EA02 /* Release */ = {
			isa = XCBuildConfiguration;
			buildSettings = {
				ALWAYS_SEARCH_USER_PATHS = NO;
				CLANG_ANALYZER_NONNULL = YES;
				CLANG_ANALYZER_NUMBER_OBJECT_CONVERSION = YES_AGGRESSIVE;
				CLANG_CXX_LANGUAGE_STANDARD = "gnu++14";
				CLANG_CXX_LIBRARY = "libc++";
				CLANG_ENABLE_MODULES = YES;
				CLANG_ENABLE_OBJC_ARC = YES;
				CLANG_ENABLE_OBJC_WEAK = YES;
				CLANG_WARN_BLOCK_CAPTURE_AUTORELEASING = YES;
				CLANG_WARN_BOOL_CONVERSION = YES;
				CLANG_WARN_COMMA = YES;
				CLANG_WARN_CONSTANT_CONVERSION = YES;
				CLANG_WARN_DEPRECATED_OBJC_IMPLEMENTATIONS = YES;
				CLANG_WARN_DIRECT_OBJC_ISA_USAGE = YES_ERROR;
				CLANG_WARN_DOCUMENTATION_COMMENTS = YES;
				CLANG_WARN_EMPTY_BODY = YES;
				CLANG_WARN_ENUM_CONVERSION = YES;
				CLANG_WARN_INFINITE_RECURSION = YES;
				CLANG_WARN_INT_CONVERSION = YES;
				CLANG_WARN_NON_LITERAL_NULL_CONVERSION = YES;
				CLANG_WARN_OBJC_IMPLICIT_RETAIN_SELF = YES;
				CLANG_WARN_OBJC_LITERAL_CONVERSION = YES;
				CLANG_WARN_OBJC_ROOT_CLASS = YES_ERROR;
				CLANG_WARN_RANGE_LOOP_ANALYSIS = YES;
				CLANG_WARN_STRICT_PROTOTYPES = YES;
				CLANG_WARN_SUSPICIOUS_MOVE = YES;
				CLANG_WARN_UNGUARDED_AVAILABILITY = YES_AGGRESSIVE;
				CLANG_WARN_UNREACHABLE_CODE = YES;
				CLANG_WARN__DUPLICATE_METHOD_MATCH = YES;
				CODE_SIGN_IDENTITY = "iPhone Developer";
				COPY_PHASE_STRIP = NO;
				DEBUG_INFORMATION_FORMAT = "dwarf-with-dsym";
				ENABLE_NS_ASSERTIONS = NO;
				ENABLE_STRICT_OBJC_MSGSEND = YES;
				GCC_C_LANGUAGE_STANDARD = gnu11;
				GCC_NO_COMMON_BLOCKS = YES;
				GCC_WARN_64_TO_32_BIT_CONVERSION = YES;
				GCC_WARN_ABOUT_RETURN_TYPE = YES_ERROR;
				GCC_WARN_UNDECLARED_SELECTOR = YES;
				GCC_WARN_UNINITIALIZED_AUTOS = YES_AGGRESSIVE;
				GCC_WARN_UNUSED_FUNCTION = YES;
				GCC_WARN_UNUSED_VARIABLE = YES;
				IPHONEOS_DEPLOYMENT_TARGET = 12.1;
				MTL_ENABLE_DEBUG_INFO = NO;
				MTL_FAST_MATH = YES;
				SDKROOT = iphoneos;
				SWIFT_COMPILATION_MODE = wholemodule;
				SWIFT_OPTIMIZATION_LEVEL = "-O";
				VALIDATE_PRODUCT = YES;
			};
			name = Release;
		};
		4B670937225CA65E00F1EA02 /* Debug */ = {
			isa = XCBuildConfiguration;
			buildSettings = {
				ASSETCATALOG_COMPILER_APPICON_NAME = AppIcon;
				CODE_SIGN_STYLE = Automatic;
				INFOPLIST_FILE = TableView/Info.plist;
				LD_RUNPATH_SEARCH_PATHS = (
					"$(inherited)",
					"@executable_path/Frameworks",
				);
				PRODUCT_BUNDLE_IDENTIFIER = quad.TableView;
				PRODUCT_NAME = "$(TARGET_NAME)";
				SWIFT_VERSION = 4.2;
				TARGETED_DEVICE_FAMILY = "1,2";
			};
			name = Debug;
		};
		4B670938225CA65E00F1EA02 /* Release */ = {
			isa = XCBuildConfiguration;
			buildSettings = {
				ASSETCATALOG_COMPILER_APPICON_NAME = AppIcon;
				CODE_SIGN_STYLE = Automatic;
				INFOPLIST_FILE = TableView/Info.plist;
				LD_RUNPATH_SEARCH_PATHS = (
					"$(inherited)",
					"@executable_path/Frameworks",
				);
				PRODUCT_BUNDLE_IDENTIFIER = quad.TableView;
				PRODUCT_NAME = "$(TARGET_NAME)";
				SWIFT_VERSION = 4.2;
				TARGETED_DEVICE_FAMILY = "1,2";
			};
			name = Release;
		};
/* End XCBuildConfiguration section */

/* Begin XCConfigurationList section */
		4B67091F225CA65B00F1EA02 /* Build configuration list for PBXProject "TableView" */ = {
			isa = XCConfigurationList;
			buildConfigurations = (
				4B670934225CA65E00F1EA02 /* Debug */,
				4B670935225CA65E00F1EA02 /* Release */,
			);
			defaultConfigurationIsVisible = 0;
			defaultConfigurationName = Release;
		};
		4B670936225CA65E00F1EA02 /* Build configuration list for PBXNativeTarget "TableView" */ = {
			isa = XCConfigurationList;
			buildConfigurations = (
				4B670937225CA65E00F1EA02 /* Debug */,
				4B670938225CA65E00F1EA02 /* Release */,
			);
			defaultConfigurationIsVisible = 0;
			defaultConfigurationName = Release;
		};
/* End XCConfigurationList section */
	};
	rootObject = 4B67091C225CA65B00F1EA02 /* Project object */;
}
